// !$*UTF8*$!
{
	archiveVersion = 1;
	classes = {
	};
	objectVersion = 46;
	objects = {

/* Begin PBXBuildFile section */
		54ECE62A208F92A1004FDDB7 /* main.cpp in Sources */ = {isa = PBXBuildFile; fileRef = 54ECE629208F92A1004FDDB7 /* main.cpp */; };
		54ECE635208FA68C004FDDB7 /* Functions.cpp in Sources */ = {isa = PBXBuildFile; fileRef = 54ECE633208FA68C004FDDB7 /* Functions.cpp */; };
/* End PBXBuildFile section */

/* Begin PBXCopyFilesBuildPhase section */
		54ECE624208F92A1004FDDB7 /* CopyFiles */ = {
			isa = PBXCopyFilesBuildPhase;
			buildActionMask = 2147483647;
			dstPath = /usr/share/man/man1/;
			dstSubfolderSpec = 0;
			files = (
			);
			runOnlyForDeploymentPostprocessing = 1;
		};
/* End PBXCopyFilesBuildPhase section */

/* Begin PBXFileReference section */
		54ECE626208F92A1004FDDB7 /* coding challenges tools */ = {isa = PBXFileReference; explicitFileType = "compiled.mach-o.executable"; includeInIndex = 0; path = "coding challenges tools"; sourceTree = BUILT_PRODUCTS_DIR; };
		54ECE629208F92A1004FDDB7 /* main.cpp */ = {isa = PBXFileReference; lastKnownFileType = sourcecode.cpp.cpp; path = main.cpp; sourceTree = "<group>"; };
		54ECE633208FA68C004FDDB7 /* Functions.cpp */ = {isa = PBXFileReference; fileEncoding = 4; lastKnownFileType = sourcecode.cpp.cpp; path = Functions.cpp; sourceTree = "<group>"; };
		54ECE634208FA68C004FDDB7 /* Functions.hpp */ = {isa = PBXFileReference; fileEncoding = 4; lastKnownFileType = sourcecode.cpp.h; path = Functions.hpp; sourceTree = "<group>"; };
/* End PBXFileReference section */

/* Begin PBXFrameworksBuildPhase section */
		54ECE623208F92A1004FDDB7 /* Frameworks */ = {
			isa = PBXFrameworksBuildPhase;
			buildActionMask = 2147483647;
			files = (
			);
			runOnlyForDeploymentPostprocessing = 0;
		};
/* End PBXFrameworksBuildPhase section */

/* Begin PBXGroup section */
		54ECE61D208F92A1004FDDB7 = {
			isa = PBXGroup;
			children = (
				54ECE628208F92A1004FDDB7 /* coding challenges tools */,
				54ECE627208F92A1004FDDB7 /* Products */,
			);
			sourceTree = "<group>";
		};
		54ECE627208F92A1004FDDB7 /* Products */ = {
			isa = PBXGroup;
			children = (
				54ECE626208F92A1004FDDB7 /* coding challenges tools */,
			);
			name = Products;
			sourceTree = "<group>";
		};
		54ECE628208F92A1004FDDB7 /* coding challenges tools */ = {
			isa = PBXGroup;
			children = (
				54ECE629208F92A1004FDDB7 /* main.cpp */,
				54ECE633208FA68C004FDDB7 /* Functions.cpp */,
				54ECE634208FA68C004FDDB7 /* Functions.hpp */,
			);
			path = "coding challenges tools";
			sourceTree = "<group>";
		};
/* End PBXGroup section */

/* Begin PBXNativeTarget section */
		54ECE625208F92A1004FDDB7 /* coding challenges tools */ = {
			isa = PBXNativeTarget;
			buildConfigurationList = 54ECE62D208F92A1004FDDB7 /* Build configuration list for PBXNativeTarget "coding challenges tools" */;
			buildPhases = (
				54ECE622208F92A1004FDDB7 /* Sources */,
				54ECE623208F92A1004FDDB7 /* Frameworks */,
				54ECE624208F92A1004FDDB7 /* CopyFiles */,
			);
			buildRules = (
			);
			dependencies = (
			);
			name = "coding challenges tools";
			productName = "coding challenges tools";
			productReference = 54ECE626208F92A1004FDDB7 /* coding challenges tools */;
			productType = "com.apple.product-type.tool";
		};
/* End PBXNativeTarget section */

/* Begin PBXProject section */
		54ECE61E208F92A1004FDDB7 /* Project object */ = {
			isa = PBXProject;
			attributes = {
				LastUpgradeCheck = 0830;
				ORGANIZATIONNAME = "Kai Junge";
				TargetAttributes = {
					54ECE625208F92A1004FDDB7 = {
						CreatedOnToolsVersion = 8.3.3;
						DevelopmentTeam = DB4BKETRUL;
						ProvisioningStyle = Automatic;
					};
				};
			};
			buildConfigurationList = 54ECE621208F92A1004FDDB7 /* Build configuration list for PBXProject "coding challenges tools" */;
			compatibilityVersion = "Xcode 3.2";
			developmentRegion = English;
			hasScannedForEncodings = 0;
			knownRegions = (
				en,
			);
			mainGroup = 54ECE61D208F92A1004FDDB7;
			productRefGroup = 54ECE627208F92A1004FDDB7 /* Products */;
			projectDirPath = "";
			projectRoot = "";
			targets = (
				54ECE625208F92A1004FDDB7 /* coding challenges tools */,
			);
		};
/* End PBXProject section */

/* Begin PBXSourcesBuildPhase section */
		54ECE622208F92A1004FDDB7 /* Sources */ = {
			isa = PBXSourcesBuildPhase;
			buildActionMask = 2147483647;
			files = (
				54ECE62A208F92A1004FDDB7 /* main.cpp in Sources */,
				54ECE635208FA68C004FDDB7 /* Functions.cpp in Sources */,
			);
			runOnlyForDeploymentPostprocessing = 0;
		};
/* End PBXSourcesBuildPhase section */

/* Begin XCBuildConfiguration section */
		54ECE62B208F92A1004FDDB7 /* Debug */ = {
			isa = XCBuildConfiguration;
			buildSettings = {
				ALWAYS_SEARCH_USER_PATHS = NO;
				CLANG_ANALYZER_NONNULL = YES;
				CLANG_ANALYZER_NUMBER_OBJECT_CONVERSION = YES_AGGRESSIVE;
				CLANG_CXX_LANGUAGE_STANDARD = "gnu++0x";
				CLANG_CXX_LIBRARY = "libc++";
				CLANG_ENABLE_MODULES = YES;
				CLANG_ENABLE_OBJC_ARC = YES;
				CLANG_WARN_BOOL_CONVERSION = YES;
				CLANG_WARN_CONSTANT_CONVERSION = YES;
				CLANG_WARN_DIRECT_OBJC_ISA_USAGE = YES_ERROR;
				CLANG_WARN_DOCUMENTATION_COMMENTS = YES;
				CLANG_WARN_EMPTY_BODY = YES;
				CLANG_WARN_ENUM_CONVERSION = YES;
				CLANG_WARN_INFINITE_RECURSION = YES;
				CLANG_WARN_INT_CONVERSION = YES;
				CLANG_WARN_OBJC_ROOT_CLASS = YES_ERROR;
				CLANG_WARN_SUSPICIOUS_MOVE = YES;
				CLANG_WARN_UNREACHABLE_CODE = YES;
				CLANG_WARN__DUPLICATE_METHOD_MATCH = YES;
				CODE_SIGN_IDENTITY = "-";
				COPY_PHASE_STRIP = NO;
				DEBUG_INFORMATION_FORMAT = dwarf;
				ENABLE_STRICT_OBJC_MSGSEND = YES;
				ENABLE_TESTABILITY = YES;
				GCC_C_LANGUAGE_STANDARD = gnu99;
				GCC_DYNAMIC_NO_PIC = NO;
				GCC_NO_COMMON_BLOCKS = YES;
				GCC_OPTIMIZATION_LEVEL = 0;
				GCC_PREPROCESSOR_DEFINITIONS = (
					"DEBUG=1",
					"$(inherited)",
				);
				GCC_WARN_64_TO_32_BIT_CONVERSION = YES;
				GCC_WARN_ABOUT_RETURN_TYPE = YES_ERROR;
				GCC_WARN_UNDECLARED_SELECTOR = YES;
				GCC_WARN_UNINITIALIZED_AUTOS = YES_AGGRESSIVE;
				GCC_WARN_UNUSED_FUNCTION = YES;
				GCC_WARN_UNUSED_VARIABLE = YES;
				MACOSX_DEPLOYMENT_TARGET = 10.12;
				MTL_ENABLE_DEBUG_INFO = YES;
				ONLY_ACTIVE_ARCH = YES;
				SDKROOT = macosx;
			};
			name = Debug;
		};
		54ECE62C208F92A1004FDDB7 /* Release */ = {
			isa = XCBuildConfiguration;
			buildSettings = {
				ALWAYS_SEARCH_USER_PATHS = NO;
				CLANG_ANALYZER_NONNULL = YES;
				CLANG_ANALYZER_NUMBER_OBJECT_CONVERSION = YES_AGGRESSIVE;
				CLANG_CXX_LANGUAGE_STANDARD = "gnu++0x";
				CLANG_CXX_LIBRARY = "libc++";
				CLANG_ENABLE_MODULES = YES;
				CLANG_ENABLE_OBJC_ARC = YES;
				CLANG_WARN_BOOL_CONVERSION = YES;
				CLANG_WARN_CONSTANT_CONVERSION = YES;
				CLANG_WARN_DIRECT_OBJC_ISA_USAGE = YES_ERROR;
				CLANG_WARN_DOCUMENTATION_COMMENTS = YES;
				CLANG_WARN_EMPTY_BODY = YES;
				CLANG_WARN_ENUM_CONVERSION = YES;
				CLANG_WARN_INFINITE_RECURSION = YES;
				CLANG_WARN_INT_CONVERSION = YES;
				CLANG_WARN_OBJC_ROOT_CLASS = YES_ERROR;
				CLANG_WARN_SUSPICIOUS_MOVE = YES;
				CLANG_WARN_UNREACHABLE_CODE = YES;
				CLANG_WARN__DUPLICATE_METHOD_MATCH = YES;
				CODE_SIGN_IDENTITY = "-";
				COPY_PHASE_STRIP = NO;
				DEBUG_INFORMATION_FORMAT = "dwarf-with-dsym";
				ENABLE_NS_ASSERTIONS = NO;
				ENABLE_STRICT_OBJC_MSGSEND = YES;
				GCC_C_LANGUAGE_STANDARD = gnu99;
				GCC_NO_COMMON_BLOCKS = YES;
				GCC_WARN_64_TO_32_BIT_CONVERSION = YES;
				GCC_WARN_ABOUT_RETURN_TYPE = YES_ERROR;
				GCC_WARN_UNDECLARED_SELECTOR = YES;
				GCC_WARN_UNINITIALIZED_AUTOS = YES_AGGRESSIVE;
				GCC_WARN_UNUSED_FUNCTION = YES;
				GCC_WARN_UNUSED_VARIABLE = YES;
				MACOSX_DEPLOYMENT_TARGET = 10.12;
				MTL_ENABLE_DEBUG_INFO = NO;
				SDKROOT = macosx;
			};
			name = Release;
		};
		54ECE62E208F92A1004FDDB7 /* Debug */ = {
			isa = XCBuildConfiguration;
			buildSettings = {
				DEVELOPMENT_TEAM = DB4BKETRUL;
				PRODUCT_NAME = "$(TARGET_NAME)";
			};
			name = Debug;
		};
		54ECE62F208F92A1004FDDB7 /* Release */ = {
			isa = XCBuildConfiguration;
			buildSettings = {
				DEVELOPMENT_TEAM = DB4BKETRUL;
				PRODUCT_NAME = "$(TARGET_NAME)";
			};
			name = Release;
		};
/* End XCBuildConfiguration section */

/* Begin XCConfigurationList section */
		54ECE621208F92A1004FDDB7 /* Build configuration list for PBXProject "coding challenges tools" */ = {
			isa = XCConfigurationList;
			buildConfigurations = (
				54ECE62B208F92A1004FDDB7 /* Debug */,
				54ECE62C208F92A1004FDDB7 /* Release */,
			);
			defaultConfigurationIsVisible = 0;
			defaultConfigurationName = Release;
		};
		54ECE62D208F92A1004FDDB7 /* Build configuration list for PBXNativeTarget "coding challenges tools" */ = {
			isa = XCConfigurationList;
			buildConfigurations = (
				54ECE62E208F92A1004FDDB7 /* Debug */,
				54ECE62F208F92A1004FDDB7 /* Release */,
			);
			defaultConfigurationIsVisible = 0;
		};
/* End XCConfigurationList section */
	};
	rootObject = 54ECE61E208F92A1004FDDB7 /* Project object */;
}
